
Microsoft Visual Studio Solution File, Format Version 12.00
# Visual Studio Version 16
VisualStudioVersion = 16.0.30503.244
MinimumVisualStudioVersion = 10.0.40219.1
Project("{FAE04EC0-301F-11D3-BF4B-00C04F79EFBC}") = "Calculator", "Calculator.csproj", "{1837D462-9C09-47D5-9C43-3A8B3F19FBCC}"
EndProject
Global
	GlobalSection(SolutionConfigurationPlatforms) = preSolution
		Debug|Any CPU = Debug|Any CPU
		Release|Any CPU = Release|Any CPU
	EndGlobalSection
	GlobalSection(ProjectConfigurationPlatforms) = postSolution
		{1837D462-9C09-47D5-9C43-3A8B3F19FBCC}.Debug|Any CPU.ActiveCfg = Debug|Any CPU
		{1837D462-9C09-47D5-9C43-3A8B3F19FBCC}.Debug|Any CPU.Build.0 = Debug|Any CPU
		{1837D462-9C09-47D5-9C43-3A8B3F19FBCC}.Release|Any CPU.ActiveCfg = Release|Any CPU
		{1837D462-9C09-47D5-9C43-3A8B3F19FBCC}.Release|Any CPU.Build.0 = Release|Any CPU
	EndGlobalSection
	GlobalSection(SolutionProperties) = preSolution
		HideSolutionNode = FALSE
	EndGlobalSection
	GlobalSection(ExtensibilityGlobals) = postSolution
		SolutionGuid = {DB1FC935-4BE4-4355-AFC1-694943F88B63}
	EndGlobalSection
EndGlobal
